
Microsoft Visual Studio Solution File, Format Version 12.00
# Visual Studio Version 17
VisualStudioVersion = 17.0.32014.148
MinimumVisualStudioVersion = 10.0.40219.1
Project("{9A19103F-16F7-4668-BE54-9A1E7A4F7556}") = "MyBlog.Data", "MyBlog.Data\MyBlog.Data.csproj", "{C51C9752-00A7-4560-B1B9-22AE2C25D301}"
EndProject
Project("{9A19103F-16F7-4668-BE54-9A1E7A4F7556}") = "MyBlog.Entities", "MyBlog.Entities\MyBlog.Entities.csproj", "{D41A5D3D-BB23-4C8B-AB28-1EE89BDE4CD9}"
EndProject
Project("{9A19103F-16F7-4668-BE54-9A1E7A4F7556}") = "MyBlog.Services", "MyBlog.Services\MyBlog.Services.csproj", "{D0A1B2EB-F99E-4060-8972-F4B3508E2A1A}"
EndProject
Project("{9A19103F-16F7-4668-BE54-9A1E7A4F7556}") = "MyBlog.Shared", "MyBlog.Shared\MyBlog.Shared.csproj", "{22F0F72F-E347-49D2-B0D1-B188032BFF64}"
EndProject
Project("{9A19103F-16F7-4668-BE54-9A1E7A4F7556}") = "MyBlog.UI", "MyBlog.UI\MyBlog.UI.csproj", "{88B7583E-C59F-4FB2-ACE5-5C625DD9846D}"
EndProject
Global
	GlobalSection(SolutionConfigurationPlatforms) = preSolution
		Debug|Any CPU = Debug|Any CPU
		Release|Any CPU = Release|Any CPU
	EndGlobalSection
	GlobalSection(ProjectConfigurationPlatforms) = postSolution
		{C51C9752-00A7-4560-B1B9-22AE2C25D301}.Debug|Any CPU.ActiveCfg = Debug|Any CPU
		{C51C9752-00A7-4560-B1B9-22AE2C25D301}.Debug|Any CPU.Build.0 = Debug|Any CPU
		{C51C9752-00A7-4560-B1B9-22AE2C25D301}.Release|Any CPU.ActiveCfg = Release|Any CPU
		{C51C9752-00A7-4560-B1B9-22AE2C25D301}.Release|Any CPU.Build.0 = Release|Any CPU
		{D41A5D3D-BB23-4C8B-AB28-1EE89BDE4CD9}.Debug|Any CPU.ActiveCfg = Debug|Any CPU
		{D41A5D3D-BB23-4C8B-AB28-1EE89BDE4CD9}.Debug|Any CPU.Build.0 = Debug|Any CPU
		{D41A5D3D-BB23-4C8B-AB28-1EE89BDE4CD9}.Release|Any CPU.ActiveCfg = Release|Any CPU
		{D41A5D3D-BB23-4C8B-AB28-1EE89BDE4CD9}.Release|Any CPU.Build.0 = Release|Any CPU
		{D0A1B2EB-F99E-4060-8972-F4B3508E2A1A}.Debug|Any CPU.ActiveCfg = Debug|Any CPU
		{D0A1B2EB-F99E-4060-8972-F4B3508E2A1A}.Debug|Any CPU.Build.0 = Debug|Any CPU
		{D0A1B2EB-F99E-4060-8972-F4B3508E2A1A}.Release|Any CPU.ActiveCfg = Release|Any CPU
		{D0A1B2EB-F99E-4060-8972-F4B3508E2A1A}.Release|Any CPU.Build.0 = Release|Any CPU
		{22F0F72F-E347-49D2-B0D1-B188032BFF64}.Debug|Any CPU.ActiveCfg = Debug|Any CPU
		{22F0F72F-E347-49D2-B0D1-B188032BFF64}.Debug|Any CPU.Build.0 = Debug|Any CPU
		{22F0F72F-E347-49D2-B0D1-B188032BFF64}.Release|Any CPU.ActiveCfg = Release|Any CPU
		{22F0F72F-E347-49D2-B0D1-B188032BFF64}.Release|Any CPU.Build.0 = Release|Any CPU
		{88B7583E-C59F-4FB2-ACE5-5C625DD9846D}.Debug|Any CPU.ActiveCfg = Debug|Any CPU
		{88B7583E-C59F-4FB2-ACE5-5C625DD9846D}.Debug|Any CPU.Build.0 = Debug|Any CPU
		{88B7583E-C59F-4FB2-ACE5-5C625DD9846D}.Release|Any CPU.ActiveCfg = Release|Any CPU
		{88B7583E-C59F-4FB2-ACE5-5C625DD9846D}.Release|Any CPU.Build.0 = Release|Any CPU
	EndGlobalSection
	GlobalSection(SolutionProperties) = preSolution
		HideSolutionNode = FALSE
	EndGlobalSection
	GlobalSection(ExtensibilityGlobals) = postSolution
		SolutionGuid = {8421C771-B798-4922-8221-0AEA458AA454}
	EndGlobalSection
EndGlobal
